
Microsoft Visual Studio Solution File, Format Version 12.00
# Visual Studio Version 17
VisualStudioVersion = 17.10.35122.118
MinimumVisualStudioVersion = 10.0.40219.1
Project("{FAE04EC0-301F-11D3-BF4B-00C04F79EFBC}") = "HrmsBe", "HrmsBe.csproj", "{56DE88E0-7078-4B7D-B4C6-AD42D1AC5097}"
EndProject
Global
	GlobalSection(SolutionConfigurationPlatforms) = preSolution
		Debug|Any CPU = Debug|Any CPU
		Release|Any CPU = Release|Any CPU
	EndGlobalSection
	GlobalSection(ProjectConfigurationPlatforms) = postSolution
		{56DE88E0-7078-4B7D-B4C6-AD42D1AC5097}.Debug|Any CPU.ActiveCfg = Debug|Any CPU
		{56DE88E0-7078-4B7D-B4C6-AD42D1AC5097}.Debug|Any CPU.Build.0 = Debug|Any CPU
		{56DE88E0-7078-4B7D-B4C6-AD42D1AC5097}.Release|Any CPU.ActiveCfg = Release|Any CPU
		{56DE88E0-7078-4B7D-B4C6-AD42D1AC5097}.Release|Any CPU.Build.0 = Release|Any CPU
	EndGlobalSection
	GlobalSection(SolutionProperties) = preSolution
		HideSolutionNode = FALSE
	EndGlobalSection
	GlobalSection(ExtensibilityGlobals) = postSolution
		SolutionGuid = {AECD3561-802C-4A00-8AF7-A7008C31641D}
	EndGlobalSection
EndGlobal
